
Microsoft Visual Studio Solution File, Format Version 12.00
# Visual Studio 15
VisualStudioVersion = 15.0.27428.2005
MinimumVisualStudioVersion = 10.0.40219.1
Project("{FAE04EC0-301F-11D3-BF4B-00C04F79EFBC}") = "TournamentMagicante", "TournamentMagicante\TournamentMagicante.csproj", "{8DC427AE-19D1-405F-9FDC-54646760CC90}"
EndProject
Project("{FAE04EC0-301F-11D3-BF4B-00C04F79EFBC}") = "Modelo", "Modelo\Modelo.csproj", "{DAF34D70-1DB0-43CB-9F30-447F4643874B}"
EndProject
Project("{FAE04EC0-301F-11D3-BF4B-00C04F79EFBC}") = "Vista", "Vista\Vista.csproj", "{613AF328-87D5-4039-9C79-A1C90E1859CE}"
EndProject
Global
	GlobalSection(SolutionConfigurationPlatforms) = preSolution
		Debug|Any CPU = Debug|Any CPU
		Release|Any CPU = Release|Any CPU
	EndGlobalSection
	GlobalSection(ProjectConfigurationPlatforms) = postSolution
		{8DC427AE-19D1-405F-9FDC-54646760CC90}.Debug|Any CPU.ActiveCfg = Debug|Any CPU
		{8DC427AE-19D1-405F-9FDC-54646760CC90}.Debug|Any CPU.Build.0 = Debug|Any CPU
		{8DC427AE-19D1-405F-9FDC-54646760CC90}.Release|Any CPU.ActiveCfg = Release|Any CPU
		{8DC427AE-19D1-405F-9FDC-54646760CC90}.Release|Any CPU.Build.0 = Release|Any CPU
		{DAF34D70-1DB0-43CB-9F30-447F4643874B}.Debug|Any CPU.ActiveCfg = Debug|Any CPU
		{DAF34D70-1DB0-43CB-9F30-447F4643874B}.Debug|Any CPU.Build.0 = Debug|Any CPU
		{DAF34D70-1DB0-43CB-9F30-447F4643874B}.Release|Any CPU.ActiveCfg = Release|Any CPU
		{DAF34D70-1DB0-43CB-9F30-447F4643874B}.Release|Any CPU.Build.0 = Release|Any CPU
		{613AF328-87D5-4039-9C79-A1C90E1859CE}.Debug|Any CPU.ActiveCfg = Debug|Any CPU
		{613AF328-87D5-4039-9C79-A1C90E1859CE}.Debug|Any CPU.Build.0 = Debug|Any CPU
		{613AF328-87D5-4039-9C79-A1C90E1859CE}.Release|Any CPU.ActiveCfg = Release|Any CPU
		{613AF328-87D5-4039-9C79-A1C90E1859CE}.Release|Any CPU.Build.0 = Release|Any CPU
	EndGlobalSection
	GlobalSection(SolutionProperties) = preSolution
		HideSolutionNode = FALSE
	EndGlobalSection
	GlobalSection(ExtensibilityGlobals) = postSolution
		SolutionGuid = {FB2E1063-FB53-42F3-9716-F96D9F2A07BA}
	EndGlobalSection
EndGlobal
